
Microsoft Visual Studio Solution File, Format Version 12.00
# Visual Studio Version 16
VisualStudioVersion = 16.0.30523.141
MinimumVisualStudioVersion = 10.0.40219.1
Project("{FAE04EC0-301F-11D3-BF4B-00C04F79EFBC}") = "Hello", "Hello.csproj", "{DD3E0D8B-A20D-4507-B8D8-4EAC524860BE}"
EndProject
Global
	GlobalSection(SolutionConfigurationPlatforms) = preSolution
		Debug|Any CPU = Debug|Any CPU
		Release|Any CPU = Release|Any CPU
	EndGlobalSection
	GlobalSection(ProjectConfigurationPlatforms) = postSolution
		{DD3E0D8B-A20D-4507-B8D8-4EAC524860BE}.Debug|Any CPU.ActiveCfg = Debug|Any CPU
		{DD3E0D8B-A20D-4507-B8D8-4EAC524860BE}.Debug|Any CPU.Build.0 = Debug|Any CPU
		{DD3E0D8B-A20D-4507-B8D8-4EAC524860BE}.Release|Any CPU.ActiveCfg = Release|Any CPU
		{DD3E0D8B-A20D-4507-B8D8-4EAC524860BE}.Release|Any CPU.Build.0 = Release|Any CPU
	EndGlobalSection
	GlobalSection(SolutionProperties) = preSolution
		HideSolutionNode = FALSE
	EndGlobalSection
	GlobalSection(ExtensibilityGlobals) = postSolution
		SolutionGuid = {B2CC608D-CFEA-4565-8299-B050C1CE842F}
	EndGlobalSection
EndGlobal
