
Microsoft Visual Studio Solution File, Format Version 12.00
# Visual Studio Version 16
VisualStudioVersion = 16.0.30523.141
MinimumVisualStudioVersion = 10.0.40219.1
Project("{FAE04EC0-301F-11D3-BF4B-00C04F79EFBC}") = "TestHello", "TestHello.csproj", "{D46D1B27-520B-4D46-8411-D255E65F07CF}"
EndProject
Global
	GlobalSection(SolutionConfigurationPlatforms) = preSolution
		Debug|Any CPU = Debug|Any CPU
		Release|Any CPU = Release|Any CPU
	EndGlobalSection
	GlobalSection(ProjectConfigurationPlatforms) = postSolution
		{D46D1B27-520B-4D46-8411-D255E65F07CF}.Debug|Any CPU.ActiveCfg = Debug|Any CPU
		{D46D1B27-520B-4D46-8411-D255E65F07CF}.Debug|Any CPU.Build.0 = Debug|Any CPU
		{D46D1B27-520B-4D46-8411-D255E65F07CF}.Release|Any CPU.ActiveCfg = Release|Any CPU
		{D46D1B27-520B-4D46-8411-D255E65F07CF}.Release|Any CPU.Build.0 = Release|Any CPU
	EndGlobalSection
	GlobalSection(SolutionProperties) = preSolution
		HideSolutionNode = FALSE
	EndGlobalSection
	GlobalSection(ExtensibilityGlobals) = postSolution
		SolutionGuid = {A3DCC13D-1288-4DF2-B3AF-99B571A0089F}
	EndGlobalSection
EndGlobal
